// !$*UTF8*$!
{
	archiveVersion = 1;
	classes = {
	};
	objectVersion = 56;
	objects = {

/* Begin PBXBuildFile section */
		63A884A62A0B796A00B10322 /* AppDelegate.swift in Sources */ = {isa = PBXBuildFile; fileRef = 63A884A52A0B796A00B10322 /* AppDelegate.swift */; };
		63A884A82A0B796A00B10322 /* SceneDelegate.swift in Sources */ = {isa = PBXBuildFile; fileRef = 63A884A72A0B796A00B10322 /* SceneDelegate.swift */; };
		63A884AA2A0B796A00B10322 /* ViewController.swift in Sources */ = {isa = PBXBuildFile; fileRef = 63A884A92A0B796A00B10322 /* ViewController.swift */; };
		63A884AD2A0B796A00B10322 /* Main.storyboard in Resources */ = {isa = PBXBuildFile; fileRef = 63A884AB2A0B796A00B10322 /* Main.storyboard */; };
		63A884AF2A0B796C00B10322 /* Assets.xcassets in Resources */ = {isa = PBXBuildFile; fileRef = 63A884AE2A0B796C00B10322 /* Assets.xcassets */; };
		63A884B22A0B796C00B10322 /* LaunchScreen.storyboard in Resources */ = {isa = PBXBuildFile; fileRef = 63A884B02A0B796C00B10322 /* LaunchScreen.storyboard */; };
		63A884BD2A0B796C00B10322 /* You_are_Awesome_Tests.swift in Sources */ = {isa = PBXBuildFile; fileRef = 63A884BC2A0B796C00B10322 /* You_are_Awesome_Tests.swift */; };
		63A884C72A0B796C00B10322 /* You_are_Awesome_UITests.swift in Sources */ = {isa = PBXBuildFile; fileRef = 63A884C62A0B796C00B10322 /* You_are_Awesome_UITests.swift */; };
		63A884C92A0B796C00B10322 /* You_are_Awesome_UITestsLaunchTests.swift in Sources */ = {isa = PBXBuildFile; fileRef = 63A884C82A0B796C00B10322 /* You_are_Awesome_UITestsLaunchTests.swift */; };
/* End PBXBuildFile section */

/* Begin PBXContainerItemProxy section */
		63A884B92A0B796C00B10322 /* PBXContainerItemProxy */ = {
			isa = PBXContainerItemProxy;
			containerPortal = 63A8849A2A0B796A00B10322 /* Project object */;
			proxyType = 1;
			remoteGlobalIDString = 63A884A12A0B796A00B10322;
			remoteInfo = "You are Awesome!";
		};
		63A884C32A0B796C00B10322 /* PBXContainerItemProxy */ = {
			isa = PBXContainerItemProxy;
			containerPortal = 63A8849A2A0B796A00B10322 /* Project object */;
			proxyType = 1;
			remoteGlobalIDString = 63A884A12A0B796A00B10322;
			remoteInfo = "You are Awesome!";
		};
/* End PBXContainerItemProxy section */

/* Begin PBXFileReference section */
		63A884A22A0B796A00B10322 /* You are Awesome!.app */ = {isa = PBXFileReference; explicitFileType = wrapper.application; includeInIndex = 0; path = "You are Awesome!.app"; sourceTree = BUILT_PRODUCTS_DIR; };
		63A884A52A0B796A00B10322 /* AppDelegate.swift */ = {isa = PBXFileReference; lastKnownFileType = sourcecode.swift; path = AppDelegate.swift; sourceTree = "<group>"; };
		63A884A72A0B796A00B10322 /* SceneDelegate.swift */ = {isa = PBXFileReference; lastKnownFileType = sourcecode.swift; path = SceneDelegate.swift; sourceTree = "<group>"; };
		63A884A92A0B796A00B10322 /* ViewController.swift */ = {isa = PBXFileReference; lastKnownFileType = sourcecode.swift; path = ViewController.swift; sourceTree = "<group>"; };
		63A884AC2A0B796A00B10322 /* Base */ = {isa = PBXFileReference; lastKnownFileType = file.storyboard; name = Base; path = Base.lproj/Main.storyboard; sourceTree = "<group>"; };
		63A884AE2A0B796C00B10322 /* Assets.xcassets */ = {isa = PBXFileReference; lastKnownFileType = folder.assetcatalog; path = Assets.xcassets; sourceTree = "<group>"; };
		63A884B12A0B796C00B10322 /* Base */ = {isa = PBXFileReference; lastKnownFileType = file.storyboard; name = Base; path = Base.lproj/LaunchScreen.storyboard; sourceTree = "<group>"; };
		63A884B32A0B796C00B10322 /* Info.plist */ = {isa = PBXFileReference; lastKnownFileType = text.plist.xml; path = Info.plist; sourceTree = "<group>"; };
		63A884B82A0B796C00B10322 /* You are Awesome!Tests.xctest */ = {isa = PBXFileReference; explicitFileType = wrapper.cfbundle; includeInIndex = 0; path = "You are Awesome!Tests.xctest"; sourceTree = BUILT_PRODUCTS_DIR; };
		63A884BC2A0B796C00B10322 /* You_are_Awesome_Tests.swift */ = {isa = PBXFileReference; lastKnownFileType = sourcecode.swift; path = You_are_Awesome_Tests.swift; sourceTree = "<group>"; };
		63A884C22A0B796C00B10322 /* You are Awesome!UITests.xctest */ = {isa = PBXFileReference; explicitFileType = wrapper.cfbundle; includeInIndex = 0; path = "You are Awesome!UITests.xctest"; sourceTree = BUILT_PRODUCTS_DIR; };
		63A884C62A0B796C00B10322 /* You_are_Awesome_UITests.swift */ = {isa = PBXFileReference; lastKnownFileType = sourcecode.swift; path = You_are_Awesome_UITests.swift; sourceTree = "<group>"; };
		63A884C82A0B796C00B10322 /* You_are_Awesome_UITestsLaunchTests.swift */ = {isa = PBXFileReference; lastKnownFileType = sourcecode.swift; path = You_are_Awesome_UITestsLaunchTests.swift; sourceTree = "<group>"; };
/* End PBXFileReference section */

/* Begin PBXFrameworksBuildPhase section */
		63A8849F2A0B796A00B10322 /* Frameworks */ = {
			isa = PBXFrameworksBuildPhase;
			buildActionMask = 2147483647;
			files = (
			);
			runOnlyForDeploymentPostprocessing = 0;
		};
		63A884B52A0B796C00B10322 /* Frameworks */ = {
			isa = PBXFrameworksBuildPhase;
			buildActionMask = 2147483647;
			files = (
			);
			runOnlyForDeploymentPostprocessing = 0;
		};
		63A884BF2A0B796C00B10322 /* Frameworks */ = {
			isa = PBXFrameworksBuildPhase;
			buildActionMask = 2147483647;
			files = (
			);
			runOnlyForDeploymentPostprocessing = 0;
		};
/* End PBXFrameworksBuildPhase section */

/* Begin PBXGroup section */
		63A884992A0B796A00B10322 = {
			isa = PBXGroup;
			children = (
				63A884A42A0B796A00B10322 /* You are Awesome! */,
				63A884BB2A0B796C00B10322 /* You are Awesome!Tests */,
				63A884C52A0B796C00B10322 /* You are Awesome!UITests */,
				63A884A32A0B796A00B10322 /* Products */,
			);
			sourceTree = "<group>";
		};
		63A884A32A0B796A00B10322 /* Products */ = {
			isa = PBXGroup;
			children = (
				63A884A22A0B796A00B10322 /* You are Awesome!.app */,
				63A884B82A0B796C00B10322 /* You are Awesome!Tests.xctest */,
				63A884C22A0B796C00B10322 /* You are Awesome!UITests.xctest */,
			);
			name = Products;
			sourceTree = "<group>";
		};
		63A884A42A0B796A00B10322 /* You are Awesome! */ = {
			isa = PBXGroup;
			children = (
				63A884A52A0B796A00B10322 /* AppDelegate.swift */,
				63A884A72A0B796A00B10322 /* SceneDelegate.swift */,
				63A884A92A0B796A00B10322 /* ViewController.swift */,
				63A884AB2A0B796A00B10322 /* Main.storyboard */,
				63A884AE2A0B796C00B10322 /* Assets.xcassets */,
				63A884B02A0B796C00B10322 /* LaunchScreen.storyboard */,
				63A884B32A0B796C00B10322 /* Info.plist */,
			);
			path = "You are Awesome!";
			sourceTree = "<group>";
		};
		63A884BB2A0B796C00B10322 /* You are Awesome!Tests */ = {
			isa = PBXGroup;
			children = (
				63A884BC2A0B796C00B10322 /* You_are_Awesome_Tests.swift */,
			);
			path = "You are Awesome!Tests";
			sourceTree = "<group>";
		};
		63A884C52A0B796C00B10322 /* You are Awesome!UITests */ = {
			isa = PBXGroup;
			children = (
				63A884C62A0B796C00B10322 /* You_are_Awesome_UITests.swift */,
				63A884C82A0B796C00B10322 /* You_are_Awesome_UITestsLaunchTests.swift */,
			);
			path = "You are Awesome!UITests";
			sourceTree = "<group>";
		};
/* End PBXGroup section */

/* Begin PBXNativeTarget section */
		63A884A12A0B796A00B10322 /* You are Awesome! */ = {
			isa = PBXNativeTarget;
			buildConfigurationList = 63A884CC2A0B796C00B10322 /* Build configuration list for PBXNativeTarget "You are Awesome!" */;
			buildPhases = (
				63A8849E2A0B796A00B10322 /* Sources */,
				63A8849F2A0B796A00B10322 /* Frameworks */,
				63A884A02A0B796A00B10322 /* Resources */,
			);
			buildRules = (
			);
			dependencies = (
			);
			name = "You are Awesome!";
			productName = "You are Awesome!";
			productReference = 63A884A22A0B796A00B10322 /* You are Awesome!.app */;
			productType = "com.apple.product-type.application";
		};
		63A884B72A0B796C00B10322 /* You are Awesome!Tests */ = {
			isa = PBXNativeTarget;
			buildConfigurationList = 63A884CF2A0B796C00B10322 /* Build configuration list for PBXNativeTarget "You are Awesome!Tests" */;
			buildPhases = (
				63A884B42A0B796C00B10322 /* Sources */,
				63A884B52A0B796C00B10322 /* Frameworks */,
				63A884B62A0B796C00B10322 /* Resources */,
			);
			buildRules = (
			);
			dependencies = (
				63A884BA2A0B796C00B10322 /* PBXTargetDependency */,
			);
			name = "You are Awesome!Tests";
			productName = "You are Awesome!Tests";
			productReference = 63A884B82A0B796C00B10322 /* You are Awesome!Tests.xctest */;
			productType = "com.apple.product-type.bundle.unit-test";
		};
		63A884C12A0B796C00B10322 /* You are Awesome!UITests */ = {
			isa = PBXNativeTarget;
			buildConfigurationList = 63A884D22A0B796C00B10322 /* Build configuration list for PBXNativeTarget "You are Awesome!UITests" */;
			buildPhases = (
				63A884BE2A0B796C00B10322 /* Sources */,
				63A884BF2A0B796C00B10322 /* Frameworks */,
				63A884C02A0B796C00B10322 /* Resources */,
			);
			buildRules = (
			);
			dependencies = (
				63A884C42A0B796C00B10322 /* PBXTargetDependency */,
			);
			name = "You are Awesome!UITests";
			productName = "You are Awesome!UITests";
			productReference = 63A884C22A0B796C00B10322 /* You are Awesome!UITests.xctest */;
			productType = "com.apple.product-type.bundle.ui-testing";
		};
/* End PBXNativeTarget section */

/* Begin PBXProject section */
		63A8849A2A0B796A00B10322 /* Project object */ = {
			isa = PBXProject;
			attributes = {
				BuildIndependentTargetsInParallel = 1;
				LastSwiftUpdateCheck = 1420;
				LastUpgradeCheck = 1420;
				TargetAttributes = {
					63A884A12A0B796A00B10322 = {
						CreatedOnToolsVersion = 14.2;
					};
					63A884B72A0B796C00B10322 = {
						CreatedOnToolsVersion = 14.2;
						TestTargetID = 63A884A12A0B796A00B10322;
					};
					63A884C12A0B796C00B10322 = {
						CreatedOnToolsVersion = 14.2;
						TestTargetID = 63A884A12A0B796A00B10322;
					};
				};
			};
			buildConfigurationList = 63A8849D2A0B796A00B10322 /* Build configuration list for PBXProject "You are Awesome!" */;
			compatibilityVersion = "Xcode 14.0";
			developmentRegion = en;
			hasScannedForEncodings = 0;
			knownRegions = (
				en,
				Base,
			);
			mainGroup = 63A884992A0B796A00B10322;
			productRefGroup = 63A884A32A0B796A00B10322 /* Products */;
			projectDirPath = "";
			projectRoot = "";
			targets = (
				63A884A12A0B796A00B10322 /* You are Awesome! */,
				63A884B72A0B796C00B10322 /* You are Awesome!Tests */,
				63A884C12A0B796C00B10322 /* You are Awesome!UITests */,
			);
		};
/* End PBXProject section */

/* Begin PBXResourcesBuildPhase section */
		63A884A02A0B796A00B10322 /* Resources */ = {
			isa = PBXResourcesBuildPhase;
			buildActionMask = 2147483647;
			files = (
				63A884B22A0B796C00B10322 /* LaunchScreen.storyboard in Resources */,
				63A884AF2A0B796C00B10322 /* Assets.xcassets in Resources */,
				63A884AD2A0B796A00B10322 /* Main.storyboard in Resources */,
			);
			runOnlyForDeploymentPostprocessing = 0;
		};
		63A884B62A0B796C00B10322 /* Resources */ = {
			isa = PBXResourcesBuildPhase;
			buildActionMask = 2147483647;
			files = (
			);
			runOnlyForDeploymentPostprocessing = 0;
		};
		63A884C02A0B796C00B10322 /* Resources */ = {
			isa = PBXResourcesBuildPhase;
			buildActionMask = 2147483647;
			files = (
			);
			runOnlyForDeploymentPostprocessing = 0;
		};
/* End PBXResourcesBuildPhase section */

/* Begin PBXSourcesBuildPhase section */
		63A8849E2A0B796A00B10322 /* Sources */ = {
			isa = PBXSourcesBuildPhase;
			buildActionMask = 2147483647;
			files = (
				63A884AA2A0B796A00B10322 /* ViewController.swift in Sources */,
				63A884A62A0B796A00B10322 /* AppDelegate.swift in Sources */,
				63A884A82A0B796A00B10322 /* SceneDelegate.swift in Sources */,
			);
			runOnlyForDeploymentPostprocessing = 0;
		};
		63A884B42A0B796C00B10322 /* Sources */ = {
			isa = PBXSourcesBuildPhase;
			buildActionMask = 2147483647;
			files = (
				63A884BD2A0B796C00B10322 /* You_are_Awesome_Tests.swift in Sources */,
			);
			runOnlyForDeploymentPostprocessing = 0;
		};
		63A884BE2A0B796C00B10322 /* Sources */ = {
			isa = PBXSourcesBuildPhase;
			buildActionMask = 2147483647;
			files = (
				63A884C72A0B796C00B10322 /* You_are_Awesome_UITests.swift in Sources */,
				63A884C92A0B796C00B10322 /* You_are_Awesome_UITestsLaunchTests.swift in Sources */,
			);
			runOnlyForDeploymentPostprocessing = 0;
		};
/* End PBXSourcesBuildPhase section */

/* Begin PBXTargetDependency section */
		63A884BA2A0B796C00B10322 /* PBXTargetDependency */ = {
			isa = PBXTargetDependency;
			target = 63A884A12A0B796A00B10322 /* You are Awesome! */;
			targetProxy = 63A884B92A0B796C00B10322 /* PBXContainerItemProxy */;
		};
		63A884C42A0B796C00B10322 /* PBXTargetDependency */ = {
			isa = PBXTargetDependency;
			target = 63A884A12A0B796A00B10322 /* You are Awesome! */;
			targetProxy = 63A884C32A0B796C00B10322 /* PBXContainerItemProxy */;
		};
/* End PBXTargetDependency section */

/* Begin PBXVariantGroup section */
		63A884AB2A0B796A00B10322 /* Main.storyboard */ = {
			isa = PBXVariantGroup;
			children = (
				63A884AC2A0B796A00B10322 /* Base */,
			);
			name = Main.storyboard;
			sourceTree = "<group>";
		};
		63A884B02A0B796C00B10322 /* LaunchScreen.storyboard */ = {
			isa = PBXVariantGroup;
			children = (
				63A884B12A0B796C00B10322 /* Base */,
			);
			name = LaunchScreen.storyboard;
			sourceTree = "<group>";
		};
/* End PBXVariantGroup section */

/* Begin XCBuildConfiguration section */
		63A884CA2A0B796C00B10322 /* Debug */ = {
			isa = XCBuildConfiguration;
			buildSettings = {
				ALWAYS_SEARCH_USER_PATHS = NO;
				CLANG_ANALYZER_NONNULL = YES;
				CLANG_ANALYZER_NUMBER_OBJECT_CONVERSION = YES_AGGRESSIVE;
				CLANG_CXX_LANGUAGE_STANDARD = "gnu++20";
				CLANG_ENABLE_MODULES = YES;
				CLANG_ENABLE_OBJC_ARC = YES;
				CLANG_ENABLE_OBJC_WEAK = YES;
				CLANG_WARN_BLOCK_CAPTURE_AUTORELEASING = YES;
				CLANG_WARN_BOOL_CONVERSION = YES;
				CLANG_WARN_COMMA = YES;
				CLANG_WARN_CONSTANT_CONVERSION = YES;
				CLANG_WARN_DEPRECATED_OBJC_IMPLEMENTATIONS = YES;
				CLANG_WARN_DIRECT_OBJC_ISA_USAGE = YES_ERROR;
				CLANG_WARN_DOCUMENTATION_COMMENTS = YES;
				CLANG_WARN_EMPTY_BODY = YES;
				CLANG_WARN_ENUM_CONVERSION = YES;
				CLANG_WARN_INFINITE_RECURSION = YES;
				CLANG_WARN_INT_CONVERSION = YES;
				CLANG_WARN_NON_LITERAL_NULL_CONVERSION = YES;
				CLANG_WARN_OBJC_IMPLICIT_RETAIN_SELF = YES;
				CLANG_WARN_OBJC_LITERAL_CONVERSION = YES;
				CLANG_WARN_OBJC_ROOT_CLASS = YES_ERROR;
				CLANG_WARN_QUOTED_INCLUDE_IN_FRAMEWORK_HEADER = YES;
				CLANG_WARN_RANGE_LOOP_ANALYSIS = YES;
				CLANG_WARN_STRICT_PROTOTYPES = YES;
				CLANG_WARN_SUSPICIOUS_MOVE = YES;
				CLANG_WARN_UNGUARDED_AVAILABILITY = YES_AGGRESSIVE;
				CLANG_WARN_UNREACHABLE_CODE = YES;
				CLANG_WARN__DUPLICATE_METHOD_MATCH = YES;
				COPY_PHASE_STRIP = NO;
				DEBUG_INFORMATION_FORMAT = dwarf;
				ENABLE_STRICT_OBJC_MSGSEND = YES;
				ENABLE_TESTABILITY = YES;
				GCC_C_LANGUAGE_STANDARD = gnu11;
				GCC_DYNAMIC_NO_PIC = NO;
				GCC_NO_COMMON_BLOCKS = YES;
				GCC_OPTIMIZATION_LEVEL = 0;
				GCC_PREPROCESSOR_DEFINITIONS = (
					"DEBUG=1",
					"$(inherited)",
				);
				GCC_WARN_64_TO_32_BIT_CONVERSION = YES;
				GCC_WARN_ABOUT_RETURN_TYPE = YES_ERROR;
				GCC_WARN_UNDECLARED_SELECTOR = YES;
				GCC_WARN_UNINITIALIZED_AUTOS = YES_AGGRESSIVE;
				GCC_WARN_UNUSED_FUNCTION = YES;
				GCC_WARN_UNUSED_VARIABLE = YES;
				IPHONEOS_DEPLOYMENT_TARGET = 16.2;
				MTL_ENABLE_DEBUG_INFO = INCLUDE_SOURCE;
				MTL_FAST_MATH = YES;
				ONLY_ACTIVE_ARCH = YES;
				SDKROOT = iphoneos;
				SWIFT_ACTIVE_COMPILATION_CONDITIONS = DEBUG;
				SWIFT_OPTIMIZATION_LEVEL = "-Onone";
			};
			name = Debug;
		};
		63A884CB2A0B796C00B10322 /* Release */ = {
			isa = XCBuildConfiguration;
			buildSettings = {
				ALWAYS_SEARCH_USER_PATHS = NO;
				CLANG_ANALYZER_NONNULL = YES;
				CLANG_ANALYZER_NUMBER_OBJECT_CONVERSION = YES_AGGRESSIVE;
				CLANG_CXX_LANGUAGE_STANDARD = "gnu++20";
				CLANG_ENABLE_MODULES = YES;
				CLANG_ENABLE_OBJC_ARC = YES;
				CLANG_ENABLE_OBJC_WEAK = YES;
				CLANG_WARN_BLOCK_CAPTURE_AUTORELEASING = YES;
				CLANG_WARN_BOOL_CONVERSION = YES;
				CLANG_WARN_COMMA = YES;
				CLANG_WARN_CONSTANT_CONVERSION = YES;
				CLANG_WARN_DEPRECATED_OBJC_IMPLEMENTATIONS = YES;
				CLANG_WARN_DIRECT_OBJC_ISA_USAGE = YES_ERROR;
				CLANG_WARN_DOCUMENTATION_COMMENTS = YES;
				CLANG_WARN_EMPTY_BODY = YES;
				CLANG_WARN_ENUM_CONVERSION = YES;
				CLANG_WARN_INFINITE_RECURSION = YES;
				CLANG_WARN_INT_CONVERSION = YES;
				CLANG_WARN_NON_LITERAL_NULL_CONVERSION = YES;
				CLANG_WARN_OBJC_IMPLICIT_RETAIN_SELF = YES;
				CLANG_WARN_OBJC_LITERAL_CONVERSION = YES;
				CLANG_WARN_OBJC_ROOT_CLASS = YES_ERROR;
				CLANG_WARN_QUOTED_INCLUDE_IN_FRAMEWORK_HEADER = YES;
				CLANG_WARN_RANGE_LOOP_ANALYSIS = YES;
				CLANG_WARN_STRICT_PROTOTYPES = YES;
				CLANG_WARN_SUSPICIOUS_MOVE = YES;
				CLANG_WARN_UNGUARDED_AVAILABILITY = YES_AGGRESSIVE;
				CLANG_WARN_UNREACHABLE_CODE = YES;
				CLANG_WARN__DUPLICATE_METHOD_MATCH = YES;
				COPY_PHASE_STRIP = NO;
				DEBUG_INFORMATION_FORMAT = "dwarf-with-dsym";
				ENABLE_NS_ASSERTIONS = NO;
				ENABLE_STRICT_OBJC_MSGSEND = YES;
				GCC_C_LANGUAGE_STANDARD = gnu11;
				GCC_NO_COMMON_BLOCKS = YES;
				GCC_WARN_64_TO_32_BIT_CONVERSION = YES;
				GCC_WARN_ABOUT_RETURN_TYPE = YES_ERROR;
				GCC_WARN_UNDECLARED_SELECTOR = YES;
				GCC_WARN_UNINITIALIZED_AUTOS = YES_AGGRESSIVE;
				GCC_WARN_UNUSED_FUNCTION = YES;
				GCC_WARN_UNUSED_VARIABLE = YES;
				IPHONEOS_DEPLOYMENT_TARGET = 16.2;
				MTL_ENABLE_DEBUG_INFO = NO;
				MTL_FAST_MATH = YES;
				SDKROOT = iphoneos;
				SWIFT_COMPILATION_MODE = wholemodule;
				SWIFT_OPTIMIZATION_LEVEL = "-O";
				VALIDATE_PRODUCT = YES;
			};
			name = Release;
		};
		63A884CD2A0B796C00B10322 /* Debug */ = {
			isa = XCBuildConfiguration;
			buildSettings = {
				ASSETCATALOG_COMPILER_APPICON_NAME = AppIcon;
				ASSETCATALOG_COMPILER_GLOBAL_ACCENT_COLOR_NAME = AccentColor;
				CODE_SIGN_STYLE = Automatic;
				CURRENT_PROJECT_VERSION = 1;
				DEVELOPMENT_TEAM = 4XU48XG252;
				GENERATE_INFOPLIST_FILE = YES;
				INFOPLIST_FILE = "You are Awesome!/Info.plist";
				INFOPLIST_KEY_UIApplicationSupportsIndirectInputEvents = YES;
				INFOPLIST_KEY_UILaunchStoryboardName = LaunchScreen;
				INFOPLIST_KEY_UIMainStoryboardFile = Main;
				INFOPLIST_KEY_UISupportedInterfaceOrientations_iPad = "UIInterfaceOrientationPortrait UIInterfaceOrientationPortraitUpsideDown UIInterfaceOrientationLandscapeLeft UIInterfaceOrientationLandscapeRight";
				INFOPLIST_KEY_UISupportedInterfaceOrientations_iPhone = "UIInterfaceOrientationPortrait UIInterfaceOrientationLandscapeLeft UIInterfaceOrientationLandscapeRight";
				LD_RUNPATH_SEARCH_PATHS = (
					"$(inherited)",
					"@executable_path/Frameworks",
				);
				MARKETING_VERSION = 1.0;
				PRODUCT_BUNDLE_IDENTIFIER = "game.You-are-Awesome-";
				PRODUCT_NAME = "$(TARGET_NAME)";
				SWIFT_EMIT_LOC_STRINGS = YES;
				SWIFT_VERSION = 5.0;
				TARGETED_DEVICE_FAMILY = "1,2";
			};
			name = Debug;
		};
		63A884CE2A0B796C00B10322 /* Release */ = {
			isa = XCBuildConfiguration;
			buildSettings = {
				ASSETCATALOG_COMPILER_APPICON_NAME = AppIcon;
				ASSETCATALOG_COMPILER_GLOBAL_ACCENT_COLOR_NAME = AccentColor;
				CODE_SIGN_STYLE = Automatic;
				CURRENT_PROJECT_VERSION = 1;
				DEVELOPMENT_TEAM = 4XU48XG252;
				GENERATE_INFOPLIST_FILE = YES;
				INFOPLIST_FILE = "You are Awesome!/Info.plist";
				INFOPLIST_KEY_UIApplicationSupportsIndirectInputEvents = YES;
				INFOPLIST_KEY_UILaunchStoryboardName = LaunchScreen;
				INFOPLIST_KEY_UIMainStoryboardFile = Main;
				INFOPLIST_KEY_UISupportedInterfaceOrientations_iPad = "UIInterfaceOrientationPortrait UIInterfaceOrientationPortraitUpsideDown UIInterfaceOrientationLandscapeLeft UIInterfaceOrientationLandscapeRight";
				INFOPLIST_KEY_UISupportedInterfaceOrientations_iPhone = "UIInterfaceOrientationPortrait UIInterfaceOrientationLandscapeLeft UIInterfaceOrientationLandscapeRight";
				LD_RUNPATH_SEARCH_PATHS = (
					"$(inherited)",
					"@executable_path/Frameworks",
				);
				MARKETING_VERSION = 1.0;
				PRODUCT_BUNDLE_IDENTIFIER = "game.You-are-Awesome-";
				PRODUCT_NAME = "$(TARGET_NAME)";
				SWIFT_EMIT_LOC_STRINGS = YES;
				SWIFT_VERSION = 5.0;
				TARGETED_DEVICE_FAMILY = "1,2";
			};
			name = Release;
		};
		63A884D02A0B796C00B10322 /* Debug */ = {
			isa = XCBuildConfiguration;
			buildSettings = {
				ALWAYS_EMBED_SWIFT_STANDARD_LIBRARIES = YES;
				BUNDLE_LOADER = "$(TEST_HOST)";
				CODE_SIGN_STYLE = Automatic;
				CURRENT_PROJECT_VERSION = 1;
				DEVELOPMENT_TEAM = 4XU48XG252;
				GENERATE_INFOPLIST_FILE = YES;
				IPHONEOS_DEPLOYMENT_TARGET = 16.2;
				MARKETING_VERSION = 1.0;
				PRODUCT_BUNDLE_IDENTIFIER = "game.You-are-Awesome-Tests";
				PRODUCT_NAME = "$(TARGET_NAME)";
				SWIFT_EMIT_LOC_STRINGS = NO;
				SWIFT_VERSION = 5.0;
				TARGETED_DEVICE_FAMILY = "1,2";
				TEST_HOST = "$(BUILT_PRODUCTS_DIR)/You are Awesome!.app/$(BUNDLE_EXECUTABLE_FOLDER_PATH)/You are Awesome!";
			};
			name = Debug;
		};
		63A884D12A0B796C00B10322 /* Release */ = {
			isa = XCBuildConfiguration;
			buildSettings = {
				ALWAYS_EMBED_SWIFT_STANDARD_LIBRARIES = YES;
				BUNDLE_LOADER = "$(TEST_HOST)";
				CODE_SIGN_STYLE = Automatic;
				CURRENT_PROJECT_VERSION = 1;
				DEVELOPMENT_TEAM = 4XU48XG252;
				GENERATE_INFOPLIST_FILE = YES;
				IPHONEOS_DEPLOYMENT_TARGET = 16.2;
				MARKETING_VERSION = 1.0;
				PRODUCT_BUNDLE_IDENTIFIER = "game.You-are-Awesome-Tests";
				PRODUCT_NAME = "$(TARGET_NAME)";
				SWIFT_EMIT_LOC_STRINGS = NO;
				SWIFT_VERSION = 5.0;
				TARGETED_DEVICE_FAMILY = "1,2";
				TEST_HOST = "$(BUILT_PRODUCTS_DIR)/You are Awesome!.app/$(BUNDLE_EXECUTABLE_FOLDER_PATH)/You are Awesome!";
			};
			name = Release;
		};
		63A884D32A0B796C00B10322 /* Debug */ = {
			isa = XCBuildConfiguration;
			buildSettings = {
				ALWAYS_EMBED_SWIFT_STANDARD_LIBRARIES = YES;
				CODE_SIGN_STYLE = Automatic;
				CURRENT_PROJECT_VERSION = 1;
				DEVELOPMENT_TEAM = 4XU48XG252;
				GENERATE_INFOPLIST_FILE = YES;
				MARKETING_VERSION = 1.0;
				PRODUCT_BUNDLE_IDENTIFIER = "game.You-are-Awesome-UITests";
				PRODUCT_NAME = "$(TARGET_NAME)";
				SWIFT_EMIT_LOC_STRINGS = NO;
				SWIFT_VERSION = 5.0;
				TARGETED_DEVICE_FAMILY = "1,2";
				TEST_TARGET_NAME = "You are Awesome!";
			};
			name = Debug;
		};
		63A884D42A0B796C00B10322 /* Release */ = {
			isa = XCBuildConfiguration;
			buildSettings = {
				ALWAYS_EMBED_SWIFT_STANDARD_LIBRARIES = YES;
				CODE_SIGN_STYLE = Automatic;
				CURRENT_PROJECT_VERSION = 1;
				DEVELOPMENT_TEAM = 4XU48XG252;
				GENERATE_INFOPLIST_FILE = YES;
				MARKETING_VERSION = 1.0;
				PRODUCT_BUNDLE_IDENTIFIER = "game.You-are-Awesome-UITests";
				PRODUCT_NAME = "$(TARGET_NAME)";
				SWIFT_EMIT_LOC_STRINGS = NO;
				SWIFT_VERSION = 5.0;
				TARGETED_DEVICE_FAMILY = "1,2";
				TEST_TARGET_NAME = "You are Awesome!";
			};
			name = Release;
		};
/* End XCBuildConfiguration section */

/* Begin XCConfigurationList section */
		63A8849D2A0B796A00B10322 /* Build configuration list for PBXProject "You are Awesome!" */ = {
			isa = XCConfigurationList;
			buildConfigurations = (
				63A884CA2A0B796C00B10322 /* Debug */,
				63A884CB2A0B796C00B10322 /* Release */,
			);
			defaultConfigurationIsVisible = 0;
			defaultConfigurationName = Release;
		};
		63A884CC2A0B796C00B10322 /* Build configuration list for PBXNativeTarget "You are Awesome!" */ = {
			isa = XCConfigurationList;
			buildConfigurations = (
				63A884CD2A0B796C00B10322 /* Debug */,
				63A884CE2A0B796C00B10322 /* Release */,
			);
			defaultConfigurationIsVisible = 0;
			defaultConfigurationName = Release;
		};
		63A884CF2A0B796C00B10322 /* Build configuration list for PBXNativeTarget "You are Awesome!Tests" */ = {
			isa = XCConfigurationList;
			buildConfigurations = (
				63A884D02A0B796C00B10322 /* Debug */,
				63A884D12A0B796C00B10322 /* Release */,
			);
			defaultConfigurationIsVisible = 0;
			defaultConfigurationName = Release;
		};
		63A884D22A0B796C00B10322 /* Build configuration list for PBXNativeTarget "You are Awesome!UITests" */ = {
			isa = XCConfigurationList;
			buildConfigurations = (
				63A884D32A0B796C00B10322 /* Debug */,
				63A884D42A0B796C00B10322 /* Release */,
			);
			defaultConfigurationIsVisible = 0;
			defaultConfigurationName = Release;
		};
/* End XCConfigurationList section */
	};
	rootObject = 63A8849A2A0B796A00B10322 /* Project object */;
}
